// !$*UTF8*$!
{
	archiveVersion = 1;
	classes = {
	};
	objectVersion = 56;
	objects = {

/* Begin PBXBuildFile section */
		CE2E3207294653E6001534F4 /* ResponseError.swift in Sources */ = {isa = PBXBuildFile; fileRef = CE2E3206294653E6001534F4 /* ResponseError.swift */; };
		CE3D0C0D296DEC53005FF909 /* LoginRouter.swift in Sources */ = {isa = PBXBuildFile; fileRef = CE3D0C0C296DEC53005FF909 /* LoginRouter.swift */; };
		CE42DE2B294674A0006BF843 /* Token.swift in Sources */ = {isa = PBXBuildFile; fileRef = CE42DE2A294674A0006BF843 /* Token.swift */; };
		CE4DDD9C2983F9B000C564EF /* LoginViewInteractorMock.swift in Sources */ = {isa = PBXBuildFile; fileRef = CE4DDD9B2983F9B000C564EF /* LoginViewInteractorMock.swift */; };
		CE4DDD9E2984010A00C564EF /* LoginRouterMock.swift in Sources */ = {isa = PBXBuildFile; fileRef = CE4DDD9D2984010A00C564EF /* LoginRouterMock.swift */; };
		CE4ED200293A31D500126078 /* AppDelegate.swift in Sources */ = {isa = PBXBuildFile; fileRef = CE4ED1FF293A31D500126078 /* AppDelegate.swift */; };
		CE4ED202293A31D500126078 /* SceneDelegate.swift in Sources */ = {isa = PBXBuildFile; fileRef = CE4ED201293A31D500126078 /* SceneDelegate.swift */; };
		CE4ED204293A31D500126078 /* LoginViewController.swift in Sources */ = {isa = PBXBuildFile; fileRef = CE4ED203293A31D500126078 /* LoginViewController.swift */; };
		CE4ED209293A31D700126078 /* Assets.xcassets in Resources */ = {isa = PBXBuildFile; fileRef = CE4ED208293A31D700126078 /* Assets.xcassets */; };
		CE4ED20C293A31D700126078 /* LaunchScreen.storyboard in Resources */ = {isa = PBXBuildFile; fileRef = CE4ED20A293A31D700126078 /* LaunchScreen.storyboard */; };
		CE4ED216293A334100126078 /* LoginView.swift in Sources */ = {isa = PBXBuildFile; fileRef = CE4ED215293A334100126078 /* LoginView.swift */; };
		CE4ED219293A34F000126078 /* ViewCodeProtocol.swift in Sources */ = {isa = PBXBuildFile; fileRef = CE4ED218293A34F000126078 /* ViewCodeProtocol.swift */; };
		CE4ED21B293A43E400126078 /* LoginViewInteractor.swift in Sources */ = {isa = PBXBuildFile; fileRef = CE4ED21A293A43E400126078 /* LoginViewInteractor.swift */; };
		CE5356B8293BCCE100E45A92 /* LoadAuthModel.swift in Sources */ = {isa = PBXBuildFile; fileRef = CE5356B7293BCCE100E45A92 /* LoadAuthModel.swift */; };
		CE5356BA293BCD3400E45A92 /* User.swift in Sources */ = {isa = PBXBuildFile; fileRef = CE5356B9293BCD3400E45A92 /* User.swift */; };
		CE5670862991314200E0E60B /* LoginViewMock.swift in Sources */ = {isa = PBXBuildFile; fileRef = CE5670852991314200E0E60B /* LoginViewMock.swift */; };
		CE6608BA293B7E3A00343DAC /* LoginAuthWorker.swift in Sources */ = {isa = PBXBuildFile; fileRef = CE6608B9293B7E3A00343DAC /* LoginAuthWorker.swift */; };
		CE83113C296D9717005660DC /* LoginUserDefaults.swift in Sources */ = {isa = PBXBuildFile; fileRef = CE83113B296D9717005660DC /* LoginUserDefaults.swift */; };
		CE98EF8729450CE0000D4729 /* Textfield-Extension.swift in Sources */ = {isa = PBXBuildFile; fileRef = CE98EF8629450CE0000D4729 /* Textfield-Extension.swift */; };
		CEA3BBDE2987FF4500946D46 /* LoginViewInteractorTest.swift in Sources */ = {isa = PBXBuildFile; fileRef = CEA3BBDD2987FF4500946D46 /* LoginViewInteractorTest.swift */; };
		CEA3BBE02988017C00946D46 /* LoginViewPresenterMock.swift in Sources */ = {isa = PBXBuildFile; fileRef = CEA3BBDF2988017C00946D46 /* LoginViewPresenterMock.swift */; };
		CEA3BBE2298808BC00946D46 /* LoginAuthWorkerMock.swift in Sources */ = {isa = PBXBuildFile; fileRef = CEA3BBE1298808BC00946D46 /* LoginAuthWorkerMock.swift */; };
		CECAAB162982C7640075DCF9 /* LoginViewControllerTest.swift in Sources */ = {isa = PBXBuildFile; fileRef = CECAAB152982C7640075DCF9 /* LoginViewControllerTest.swift */; };
		CECD3AD6296DA40F00E3058E /* HomeView.swift in Sources */ = {isa = PBXBuildFile; fileRef = CECD3AD5296DA40F00E3058E /* HomeView.swift */; };
		CECD3AD8296DA48E00E3058E /* HomeViewController.swift in Sources */ = {isa = PBXBuildFile; fileRef = CECD3AD7296DA48E00E3058E /* HomeViewController.swift */; };
		CEE1ED98297194F70078943F /* LoginConstants.swift in Sources */ = {isa = PBXBuildFile; fileRef = CEE1ED97297194F70078943F /* LoginConstants.swift */; };
/* End PBXBuildFile section */

/* Begin PBXContainerItemProxy section */
		CECAAB102982C6EB0075DCF9 /* PBXContainerItemProxy */ = {
			isa = PBXContainerItemProxy;
			containerPortal = CE4ED1F4293A31D500126078 /* Project object */;
			proxyType = 1;
			remoteGlobalIDString = CE4ED1FB293A31D500126078;
			remoteInfo = ReqResVIP;
		};
/* End PBXContainerItemProxy section */

/* Begin PBXFileReference section */
		CE2E3206294653E6001534F4 /* ResponseError.swift */ = {isa = PBXFileReference; lastKnownFileType = sourcecode.swift; path = ResponseError.swift; sourceTree = "<group>"; };
		CE3D0C0C296DEC53005FF909 /* LoginRouter.swift */ = {isa = PBXFileReference; lastKnownFileType = sourcecode.swift; path = LoginRouter.swift; sourceTree = "<group>"; };
		CE42DE2A294674A0006BF843 /* Token.swift */ = {isa = PBXFileReference; lastKnownFileType = sourcecode.swift; path = Token.swift; sourceTree = "<group>"; };
		CE4DDD9B2983F9B000C564EF /* LoginViewInteractorMock.swift */ = {isa = PBXFileReference; lastKnownFileType = sourcecode.swift; path = LoginViewInteractorMock.swift; sourceTree = "<group>"; };
		CE4DDD9D2984010A00C564EF /* LoginRouterMock.swift */ = {isa = PBXFileReference; lastKnownFileType = sourcecode.swift; path = LoginRouterMock.swift; sourceTree = "<group>"; };
		CE4ED1FC293A31D500126078 /* ReqResVIP.app */ = {isa = PBXFileReference; explicitFileType = wrapper.application; includeInIndex = 0; path = ReqResVIP.app; sourceTree = BUILT_PRODUCTS_DIR; };
		CE4ED1FF293A31D500126078 /* AppDelegate.swift */ = {isa = PBXFileReference; lastKnownFileType = sourcecode.swift; path = AppDelegate.swift; sourceTree = "<group>"; };
		CE4ED201293A31D500126078 /* SceneDelegate.swift */ = {isa = PBXFileReference; lastKnownFileType = sourcecode.swift; path = SceneDelegate.swift; sourceTree = "<group>"; };
		CE4ED203293A31D500126078 /* LoginViewController.swift */ = {isa = PBXFileReference; lastKnownFileType = sourcecode.swift; path = LoginViewController.swift; sourceTree = "<group>"; };
		CE4ED208293A31D700126078 /* Assets.xcassets */ = {isa = PBXFileReference; lastKnownFileType = folder.assetcatalog; path = Assets.xcassets; sourceTree = "<group>"; };
		CE4ED20B293A31D700126078 /* Base */ = {isa = PBXFileReference; lastKnownFileType = file.storyboard; name = Base; path = Base.lproj/LaunchScreen.storyboard; sourceTree = "<group>"; };
		CE4ED20D293A31D700126078 /* Info.plist */ = {isa = PBXFileReference; lastKnownFileType = text.plist.xml; path = Info.plist; sourceTree = "<group>"; };
		CE4ED215293A334100126078 /* LoginView.swift */ = {isa = PBXFileReference; lastKnownFileType = sourcecode.swift; path = LoginView.swift; sourceTree = "<group>"; };
		CE4ED218293A34F000126078 /* ViewCodeProtocol.swift */ = {isa = PBXFileReference; lastKnownFileType = sourcecode.swift; path = ViewCodeProtocol.swift; sourceTree = "<group>"; };
		CE4ED21A293A43E400126078 /* LoginViewInteractor.swift */ = {isa = PBXFileReference; lastKnownFileType = sourcecode.swift; path = LoginViewInteractor.swift; sourceTree = "<group>"; };
		CE5356B7293BCCE100E45A92 /* LoadAuthModel.swift */ = {isa = PBXFileReference; lastKnownFileType = sourcecode.swift; path = LoadAuthModel.swift; sourceTree = "<group>"; };
		CE5356B9293BCD3400E45A92 /* User.swift */ = {isa = PBXFileReference; lastKnownFileType = sourcecode.swift; path = User.swift; sourceTree = "<group>"; };
		CE5670852991314200E0E60B /* LoginViewMock.swift */ = {isa = PBXFileReference; lastKnownFileType = sourcecode.swift; path = LoginViewMock.swift; sourceTree = "<group>"; };
		CE6608B9293B7E3A00343DAC /* LoginAuthWorker.swift */ = {isa = PBXFileReference; lastKnownFileType = sourcecode.swift; path = LoginAuthWorker.swift; sourceTree = "<group>"; };
		CE83113B296D9717005660DC /* LoginUserDefaults.swift */ = {isa = PBXFileReference; lastKnownFileType = sourcecode.swift; path = LoginUserDefaults.swift; sourceTree = "<group>"; };
		CE98EF8629450CE0000D4729 /* Textfield-Extension.swift */ = {isa = PBXFileReference; lastKnownFileType = sourcecode.swift; path = "Textfield-Extension.swift"; sourceTree = "<group>"; };
		CEA3BBDD2987FF4500946D46 /* LoginViewInteractorTest.swift */ = {isa = PBXFileReference; lastKnownFileType = sourcecode.swift; path = LoginViewInteractorTest.swift; sourceTree = "<group>"; };
		CEA3BBDF2988017C00946D46 /* LoginViewPresenterMock.swift */ = {isa = PBXFileReference; lastKnownFileType = sourcecode.swift; path = LoginViewPresenterMock.swift; sourceTree = "<group>"; };
		CEA3BBE1298808BC00946D46 /* LoginAuthWorkerMock.swift */ = {isa = PBXFileReference; lastKnownFileType = sourcecode.swift; path = LoginAuthWorkerMock.swift; sourceTree = "<group>"; };
		CECAAB0C2982C6EB0075DCF9 /* ReqResVIPTests.xctest */ = {isa = PBXFileReference; explicitFileType = wrapper.cfbundle; includeInIndex = 0; path = ReqResVIPTests.xctest; sourceTree = BUILT_PRODUCTS_DIR; };
		CECAAB152982C7640075DCF9 /* LoginViewControllerTest.swift */ = {isa = PBXFileReference; lastKnownFileType = sourcecode.swift; path = LoginViewControllerTest.swift; sourceTree = "<group>"; };
		CECD3AD5296DA40F00E3058E /* HomeView.swift */ = {isa = PBXFileReference; lastKnownFileType = sourcecode.swift; path = HomeView.swift; sourceTree = "<group>"; };
		CECD3AD7296DA48E00E3058E /* HomeViewController.swift */ = {isa = PBXFileReference; lastKnownFileType = sourcecode.swift; path = HomeViewController.swift; sourceTree = "<group>"; };
		CEE1ED97297194F70078943F /* LoginConstants.swift */ = {isa = PBXFileReference; lastKnownFileType = sourcecode.swift; path = LoginConstants.swift; sourceTree = "<group>"; };
/* End PBXFileReference section */

/* Begin PBXFrameworksBuildPhase section */
		CE4ED1F9293A31D500126078 /* Frameworks */ = {
			isa = PBXFrameworksBuildPhase;
			buildActionMask = 2147483647;
			files = (
			);
			runOnlyForDeploymentPostprocessing = 0;
		};
		CECAAB092982C6EB0075DCF9 /* Frameworks */ = {
			isa = PBXFrameworksBuildPhase;
			buildActionMask = 2147483647;
			files = (
			);
			runOnlyForDeploymentPostprocessing = 0;
		};
/* End PBXFrameworksBuildPhase section */

/* Begin PBXGroup section */
		CE4DDD9A2983F98B00C564EF /* LoginViewTests */ = {
			isa = PBXGroup;
			children = (
				CE567084299130E200E0E60B /* Mocks */,
				CECAAB152982C7640075DCF9 /* LoginViewControllerTest.swift */,
				CEA3BBDD2987FF4500946D46 /* LoginViewInteractorTest.swift */,
			);
			path = LoginViewTests;
			sourceTree = "<group>";
		};
		CE4ED1F3293A31D500126078 = {
			isa = PBXGroup;
			children = (
				CE4ED1FE293A31D500126078 /* ReqResVIP */,
				CECAAB0D2982C6EB0075DCF9 /* ReqResVIPTests */,
				CE4ED1FD293A31D500126078 /* Products */,
			);
			sourceTree = "<group>";
		};
		CE4ED1FD293A31D500126078 /* Products */ = {
			isa = PBXGroup;
			children = (
				CE4ED1FC293A31D500126078 /* ReqResVIP.app */,
				CECAAB0C2982C6EB0075DCF9 /* ReqResVIPTests.xctest */,
			);
			name = Products;
			sourceTree = "<group>";
		};
		CE4ED1FE293A31D500126078 /* ReqResVIP */ = {
			isa = PBXGroup;
			children = (
				CECD3AD4296DA3F900E3058E /* Home */,
				CE4ED217293A34D000126078 /* Utils */,
				CE4ED214293A331300126078 /* AppDelegates */,
				CE4ED213293A32FF00126078 /* Main */,
				CE4ED208293A31D700126078 /* Assets.xcassets */,
				CE4ED20A293A31D700126078 /* LaunchScreen.storyboard */,
				CE4ED20D293A31D700126078 /* Info.plist */,
			);
			path = ReqResVIP;
			sourceTree = "<group>";
		};
		CE4ED213293A32FF00126078 /* Main */ = {
			isa = PBXGroup;
			children = (
				CE6608B9293B7E3A00343DAC /* LoginAuthWorker.swift */,
				CE3D0C0C296DEC53005FF909 /* LoginRouter.swift */,
				CE83113B296D9717005660DC /* LoginUserDefaults.swift */,
				CE4ED215293A334100126078 /* LoginView.swift */,
				CE4ED203293A31D500126078 /* LoginViewController.swift */,
				CE4ED21A293A43E400126078 /* LoginViewInteractor.swift */,
				CE5356B6293BCCB700E45A92 /* Model */,
			);
			path = Main;
			sourceTree = "<group>";
		};
		CE4ED214293A331300126078 /* AppDelegates */ = {
			isa = PBXGroup;
			children = (
				CE4ED201293A31D500126078 /* SceneDelegate.swift */,
				CE4ED1FF293A31D500126078 /* AppDelegate.swift */,
			);
			path = AppDelegates;
			sourceTree = "<group>";
		};
		CE4ED217293A34D000126078 /* Utils */ = {
			isa = PBXGroup;
			children = (
				CE4ED218293A34F000126078 /* ViewCodeProtocol.swift */,
				CE98EF8629450CE0000D4729 /* Textfield-Extension.swift */,
			);
			path = Utils;
			sourceTree = "<group>";
		};
		CE5356B6293BCCB700E45A92 /* Model */ = {
			isa = PBXGroup;
			children = (
				CE5356B7293BCCE100E45A92 /* LoadAuthModel.swift */,
				CE5356B9293BCD3400E45A92 /* User.swift */,
				CE2E3206294653E6001534F4 /* ResponseError.swift */,
				CE42DE2A294674A0006BF843 /* Token.swift */,
				CEE1ED97297194F70078943F /* LoginConstants.swift */,
			);
			path = Model;
			sourceTree = "<group>";
		};
		CE567084299130E200E0E60B /* Mocks */ = {
			isa = PBXGroup;
			children = (
				CE4DDD9B2983F9B000C564EF /* LoginViewInteractorMock.swift */,
				CEA3BBDF2988017C00946D46 /* LoginViewPresenterMock.swift */,
				CE4DDD9D2984010A00C564EF /* LoginRouterMock.swift */,
				CEA3BBE1298808BC00946D46 /* LoginAuthWorkerMock.swift */,
				CE5670852991314200E0E60B /* LoginViewMock.swift */,
			);
			path = Mocks;
			sourceTree = "<group>";
		};
		CECAAB0D2982C6EB0075DCF9 /* ReqResVIPTests */ = {
			isa = PBXGroup;
			children = (
				CE4DDD9A2983F98B00C564EF /* LoginViewTests */,
			);
			path = ReqResVIPTests;
			sourceTree = "<group>";
		};
		CECD3AD4296DA3F900E3058E /* Home */ = {
			isa = PBXGroup;
			children = (
				CECD3AD5296DA40F00E3058E /* HomeView.swift */,
				CECD3AD7296DA48E00E3058E /* HomeViewController.swift */,
			);
			path = Home;
			sourceTree = "<group>";
		};
/* End PBXGroup section */

/* Begin PBXNativeTarget section */
		CE4ED1FB293A31D500126078 /* ReqResVIP */ = {
			isa = PBXNativeTarget;
			buildConfigurationList = CE4ED210293A31D700126078 /* Build configuration list for PBXNativeTarget "ReqResVIP" */;
			buildPhases = (
				CE4ED1F8293A31D500126078 /* Sources */,
				CE4ED1F9293A31D500126078 /* Frameworks */,
				CE4ED1FA293A31D500126078 /* Resources */,
			);
			buildRules = (
			);
			dependencies = (
			);
			name = ReqResVIP;
			productName = ReqResVIP;
			productReference = CE4ED1FC293A31D500126078 /* ReqResVIP.app */;
			productType = "com.apple.product-type.application";
		};
		CECAAB0B2982C6EB0075DCF9 /* ReqResVIPTests */ = {
			isa = PBXNativeTarget;
			buildConfigurationList = CECAAB142982C6EB0075DCF9 /* Build configuration list for PBXNativeTarget "ReqResVIPTests" */;
			buildPhases = (
				CECAAB082982C6EB0075DCF9 /* Sources */,
				CECAAB092982C6EB0075DCF9 /* Frameworks */,
				CECAAB0A2982C6EB0075DCF9 /* Resources */,
			);
			buildRules = (
			);
			dependencies = (
				CECAAB112982C6EB0075DCF9 /* PBXTargetDependency */,
			);
			name = ReqResVIPTests;
			productName = ReqResVIPTests;
			productReference = CECAAB0C2982C6EB0075DCF9 /* ReqResVIPTests.xctest */;
			productType = "com.apple.product-type.bundle.unit-test";
		};
/* End PBXNativeTarget section */

/* Begin PBXProject section */
		CE4ED1F4293A31D500126078 /* Project object */ = {
			isa = PBXProject;
			attributes = {
				BuildIndependentTargetsInParallel = 1;
				LastSwiftUpdateCheck = 1420;
				LastUpgradeCheck = 1410;
				TargetAttributes = {
					CE4ED1FB293A31D500126078 = {
						CreatedOnToolsVersion = 14.1;
					};
					CECAAB0B2982C6EB0075DCF9 = {
						CreatedOnToolsVersion = 14.2;
						LastSwiftMigration = 1420;
						TestTargetID = CE4ED1FB293A31D500126078;
					};
				};
			};
			buildConfigurationList = CE4ED1F7293A31D500126078 /* Build configuration list for PBXProject "ReqResVIP" */;
			compatibilityVersion = "Xcode 14.0";
			developmentRegion = en;
			hasScannedForEncodings = 0;
			knownRegions = (
				en,
				Base,
			);
			mainGroup = CE4ED1F3293A31D500126078;
			productRefGroup = CE4ED1FD293A31D500126078 /* Products */;
			projectDirPath = "";
			projectRoot = "";
			targets = (
				CE4ED1FB293A31D500126078 /* ReqResVIP */,
				CECAAB0B2982C6EB0075DCF9 /* ReqResVIPTests */,
			);
		};
/* End PBXProject section */

/* Begin PBXResourcesBuildPhase section */
		CE4ED1FA293A31D500126078 /* Resources */ = {
			isa = PBXResourcesBuildPhase;
			buildActionMask = 2147483647;
			files = (
				CE4ED20C293A31D700126078 /* LaunchScreen.storyboard in Resources */,
				CE4ED209293A31D700126078 /* Assets.xcassets in Resources */,
			);
			runOnlyForDeploymentPostprocessing = 0;
		};
		CECAAB0A2982C6EB0075DCF9 /* Resources */ = {
			isa = PBXResourcesBuildPhase;
			buildActionMask = 2147483647;
			files = (
			);
			runOnlyForDeploymentPostprocessing = 0;
		};
/* End PBXResourcesBuildPhase section */

/* Begin PBXSourcesBuildPhase section */
		CE4ED1F8293A31D500126078 /* Sources */ = {
			isa = PBXSourcesBuildPhase;
			buildActionMask = 2147483647;
			files = (
				CE4ED204293A31D500126078 /* LoginViewController.swift in Sources */,
				CECD3AD6296DA40F00E3058E /* HomeView.swift in Sources */,
				CE83113C296D9717005660DC /* LoginUserDefaults.swift in Sources */,
				CEE1ED98297194F70078943F /* LoginConstants.swift in Sources */,
				CE98EF8729450CE0000D4729 /* Textfield-Extension.swift in Sources */,
				CE5356B8293BCCE100E45A92 /* LoadAuthModel.swift in Sources */,
				CECD3AD8296DA48E00E3058E /* HomeViewController.swift in Sources */,
				CE3D0C0D296DEC53005FF909 /* LoginRouter.swift in Sources */,
				CE42DE2B294674A0006BF843 /* Token.swift in Sources */,
				CE2E3207294653E6001534F4 /* ResponseError.swift in Sources */,
				CE4ED216293A334100126078 /* LoginView.swift in Sources */,
				CE4ED219293A34F000126078 /* ViewCodeProtocol.swift in Sources */,
				CE4ED200293A31D500126078 /* AppDelegate.swift in Sources */,
				CE5356BA293BCD3400E45A92 /* User.swift in Sources */,
				CE6608BA293B7E3A00343DAC /* LoginAuthWorker.swift in Sources */,
				CE4ED21B293A43E400126078 /* LoginViewInteractor.swift in Sources */,
				CE4ED202293A31D500126078 /* SceneDelegate.swift in Sources */,
			);
			runOnlyForDeploymentPostprocessing = 0;
		};
		CECAAB082982C6EB0075DCF9 /* Sources */ = {
			isa = PBXSourcesBuildPhase;
			buildActionMask = 2147483647;
			files = (
				CE4DDD9E2984010A00C564EF /* LoginRouterMock.swift in Sources */,
				CEA3BBE2298808BC00946D46 /* LoginAuthWorkerMock.swift in Sources */,
				CE5670862991314200E0E60B /* LoginViewMock.swift in Sources */,
				CECAAB162982C7640075DCF9 /* LoginViewControllerTest.swift in Sources */,
				CEA3BBE02988017C00946D46 /* LoginViewPresenterMock.swift in Sources */,
				CE4DDD9C2983F9B000C564EF /* LoginViewInteractorMock.swift in Sources */,
				CEA3BBDE2987FF4500946D46 /* LoginViewInteractorTest.swift in Sources */,
			);
			runOnlyForDeploymentPostprocessing = 0;
		};
/* End PBXSourcesBuildPhase section */

/* Begin PBXTargetDependency section */
		CECAAB112982C6EB0075DCF9 /* PBXTargetDependency */ = {
			isa = PBXTargetDependency;
			target = CE4ED1FB293A31D500126078 /* ReqResVIP */;
			targetProxy = CECAAB102982C6EB0075DCF9 /* PBXContainerItemProxy */;
		};
/* End PBXTargetDependency section */

/* Begin PBXVariantGroup section */
		CE4ED20A293A31D700126078 /* LaunchScreen.storyboard */ = {
			isa = PBXVariantGroup;
			children = (
				CE4ED20B293A31D700126078 /* Base */,
			);
			name = LaunchScreen.storyboard;
			sourceTree = "<group>";
		};
/* End PBXVariantGroup section */

/* Begin XCBuildConfiguration section */
		CE4ED20E293A31D700126078 /* Debug */ = {
			isa = XCBuildConfiguration;
			buildSettings = {
				ALWAYS_SEARCH_USER_PATHS = NO;
				CLANG_ANALYZER_NONNULL = YES;
				CLANG_ANALYZER_NUMBER_OBJECT_CONVERSION = YES_AGGRESSIVE;
				CLANG_CXX_LANGUAGE_STANDARD = "gnu++20";
				CLANG_ENABLE_MODULES = YES;
				CLANG_ENABLE_OBJC_ARC = YES;
				CLANG_ENABLE_OBJC_WEAK = YES;
				CLANG_WARN_BLOCK_CAPTURE_AUTORELEASING = YES;
				CLANG_WARN_BOOL_CONVERSION = YES;
				CLANG_WARN_COMMA = YES;
				CLANG_WARN_CONSTANT_CONVERSION = YES;
				CLANG_WARN_DEPRECATED_OBJC_IMPLEMENTATIONS = YES;
				CLANG_WARN_DIRECT_OBJC_ISA_USAGE = YES_ERROR;
				CLANG_WARN_DOCUMENTATION_COMMENTS = YES;
				CLANG_WARN_EMPTY_BODY = YES;
				CLANG_WARN_ENUM_CONVERSION = YES;
				CLANG_WARN_INFINITE_RECURSION = YES;
				CLANG_WARN_INT_CONVERSION = YES;
				CLANG_WARN_NON_LITERAL_NULL_CONVERSION = YES;
				CLANG_WARN_OBJC_IMPLICIT_RETAIN_SELF = YES;
				CLANG_WARN_OBJC_LITERAL_CONVERSION = YES;
				CLANG_WARN_OBJC_ROOT_CLASS = YES_ERROR;
				CLANG_WARN_QUOTED_INCLUDE_IN_FRAMEWORK_HEADER = YES;
				CLANG_WARN_RANGE_LOOP_ANALYSIS = YES;
				CLANG_WARN_STRICT_PROTOTYPES = YES;
				CLANG_WARN_SUSPICIOUS_MOVE = YES;
				CLANG_WARN_UNGUARDED_AVAILABILITY = YES_AGGRESSIVE;
				CLANG_WARN_UNREACHABLE_CODE = YES;
				CLANG_WARN__DUPLICATE_METHOD_MATCH = YES;
				COPY_PHASE_STRIP = NO;
				DEBUG_INFORMATION_FORMAT = dwarf;
				ENABLE_STRICT_OBJC_MSGSEND = YES;
				ENABLE_TESTABILITY = YES;
				GCC_C_LANGUAGE_STANDARD = gnu11;
				GCC_DYNAMIC_NO_PIC = NO;
				GCC_NO_COMMON_BLOCKS = YES;
				GCC_OPTIMIZATION_LEVEL = 0;
				GCC_PREPROCESSOR_DEFINITIONS = (
					"DEBUG=1",
					"$(inherited)",
				);
				GCC_WARN_64_TO_32_BIT_CONVERSION = YES;
				GCC_WARN_ABOUT_RETURN_TYPE = YES_ERROR;
				GCC_WARN_UNDECLARED_SELECTOR = YES;
				GCC_WARN_UNINITIALIZED_AUTOS = YES_AGGRESSIVE;
				GCC_WARN_UNUSED_FUNCTION = YES;
				GCC_WARN_UNUSED_VARIABLE = YES;
				IPHONEOS_DEPLOYMENT_TARGET = 16.1;
				MTL_ENABLE_DEBUG_INFO = INCLUDE_SOURCE;
				MTL_FAST_MATH = YES;
				ONLY_ACTIVE_ARCH = YES;
				SDKROOT = iphoneos;
				SWIFT_ACTIVE_COMPILATION_CONDITIONS = DEBUG;
				SWIFT_OPTIMIZATION_LEVEL = "-Onone";
			};
			name = Debug;
		};
		CE4ED20F293A31D700126078 /* Release */ = {
			isa = XCBuildConfiguration;
			buildSettings = {
				ALWAYS_SEARCH_USER_PATHS = NO;
				CLANG_ANALYZER_NONNULL = YES;
				CLANG_ANALYZER_NUMBER_OBJECT_CONVERSION = YES_AGGRESSIVE;
				CLANG_CXX_LANGUAGE_STANDARD = "gnu++20";
				CLANG_ENABLE_MODULES = YES;
				CLANG_ENABLE_OBJC_ARC = YES;
				CLANG_ENABLE_OBJC_WEAK = YES;
				CLANG_WARN_BLOCK_CAPTURE_AUTORELEASING = YES;
				CLANG_WARN_BOOL_CONVERSION = YES;
				CLANG_WARN_COMMA = YES;
				CLANG_WARN_CONSTANT_CONVERSION = YES;
				CLANG_WARN_DEPRECATED_OBJC_IMPLEMENTATIONS = YES;
				CLANG_WARN_DIRECT_OBJC_ISA_USAGE = YES_ERROR;
				CLANG_WARN_DOCUMENTATION_COMMENTS = YES;
				CLANG_WARN_EMPTY_BODY = YES;
				CLANG_WARN_ENUM_CONVERSION = YES;
				CLANG_WARN_INFINITE_RECURSION = YES;
				CLANG_WARN_INT_CONVERSION = YES;
				CLANG_WARN_NON_LITERAL_NULL_CONVERSION = YES;
				CLANG_WARN_OBJC_IMPLICIT_RETAIN_SELF = YES;
				CLANG_WARN_OBJC_LITERAL_CONVERSION = YES;
				CLANG_WARN_OBJC_ROOT_CLASS = YES_ERROR;
				CLANG_WARN_QUOTED_INCLUDE_IN_FRAMEWORK_HEADER = YES;
				CLANG_WARN_RANGE_LOOP_ANALYSIS = YES;
				CLANG_WARN_STRICT_PROTOTYPES = YES;
				CLANG_WARN_SUSPICIOUS_MOVE = YES;
				CLANG_WARN_UNGUARDED_AVAILABILITY = YES_AGGRESSIVE;
				CLANG_WARN_UNREACHABLE_CODE = YES;
				CLANG_WARN__DUPLICATE_METHOD_MATCH = YES;
				COPY_PHASE_STRIP = NO;
				DEBUG_INFORMATION_FORMAT = "dwarf-with-dsym";
				ENABLE_NS_ASSERTIONS = NO;
				ENABLE_STRICT_OBJC_MSGSEND = YES;
				GCC_C_LANGUAGE_STANDARD = gnu11;
				GCC_NO_COMMON_BLOCKS = YES;
				GCC_WARN_64_TO_32_BIT_CONVERSION = YES;
				GCC_WARN_ABOUT_RETURN_TYPE = YES_ERROR;
				GCC_WARN_UNDECLARED_SELECTOR = YES;
				GCC_WARN_UNINITIALIZED_AUTOS = YES_AGGRESSIVE;
				GCC_WARN_UNUSED_FUNCTION = YES;
				GCC_WARN_UNUSED_VARIABLE = YES;
				IPHONEOS_DEPLOYMENT_TARGET = 16.1;
				MTL_ENABLE_DEBUG_INFO = NO;
				MTL_FAST_MATH = YES;
				SDKROOT = iphoneos;
				SWIFT_COMPILATION_MODE = wholemodule;
				SWIFT_OPTIMIZATION_LEVEL = "-O";
				VALIDATE_PRODUCT = YES;
			};
			name = Release;
		};
		CE4ED211293A31D700126078 /* Debug */ = {
			isa = XCBuildConfiguration;
			buildSettings = {
				ASSETCATALOG_COMPILER_APPICON_NAME = AppIcon;
				ASSETCATALOG_COMPILER_GLOBAL_ACCENT_COLOR_NAME = AccentColor;
				CODE_SIGN_STYLE = Automatic;
				CURRENT_PROJECT_VERSION = 1;
				DEVELOPMENT_TEAM = 2HX6PAF8Z8;
				GENERATE_INFOPLIST_FILE = YES;
				INFOPLIST_FILE = ReqResVIP/Info.plist;
				INFOPLIST_KEY_UIApplicationSupportsIndirectInputEvents = YES;
				INFOPLIST_KEY_UILaunchStoryboardName = LaunchScreen;
				INFOPLIST_KEY_UISupportedInterfaceOrientations_iPad = "UIInterfaceOrientationPortrait UIInterfaceOrientationPortraitUpsideDown UIInterfaceOrientationLandscapeLeft UIInterfaceOrientationLandscapeRight";
				INFOPLIST_KEY_UISupportedInterfaceOrientations_iPhone = "UIInterfaceOrientationPortrait UIInterfaceOrientationLandscapeLeft UIInterfaceOrientationLandscapeRight";
				LD_RUNPATH_SEARCH_PATHS = (
					"$(inherited)",
					"@executable_path/Frameworks",
				);
				MARKETING_VERSION = 1.0;
				PRODUCT_BUNDLE_IDENTIFIER = com.malengo.ReqResVIP;
				PRODUCT_NAME = "$(TARGET_NAME)";
				SWIFT_EMIT_LOC_STRINGS = YES;
				SWIFT_VERSION = 5.0;
				TARGETED_DEVICE_FAMILY = "1,2";
			};
			name = Debug;
		};
		CE4ED212293A31D700126078 /* Release */ = {
			isa = XCBuildConfiguration;
			buildSettings = {
				ASSETCATALOG_COMPILER_APPICON_NAME = AppIcon;
				ASSETCATALOG_COMPILER_GLOBAL_ACCENT_COLOR_NAME = AccentColor;
				CODE_SIGN_STYLE = Automatic;
				CURRENT_PROJECT_VERSION = 1;
				DEVELOPMENT_TEAM = 2HX6PAF8Z8;
				GENERATE_INFOPLIST_FILE = YES;
				INFOPLIST_FILE = ReqResVIP/Info.plist;
				INFOPLIST_KEY_UIApplicationSupportsIndirectInputEvents = YES;
				INFOPLIST_KEY_UILaunchStoryboardName = LaunchScreen;
				INFOPLIST_KEY_UISupportedInterfaceOrientations_iPad = "UIInterfaceOrientationPortrait UIInterfaceOrientationPortraitUpsideDown UIInterfaceOrientationLandscapeLeft UIInterfaceOrientationLandscapeRight";
				INFOPLIST_KEY_UISupportedInterfaceOrientations_iPhone = "UIInterfaceOrientationPortrait UIInterfaceOrientationLandscapeLeft UIInterfaceOrientationLandscapeRight";
				LD_RUNPATH_SEARCH_PATHS = (
					"$(inherited)",
					"@executable_path/Frameworks",
				);
				MARKETING_VERSION = 1.0;
				PRODUCT_BUNDLE_IDENTIFIER = com.malengo.ReqResVIP;
				PRODUCT_NAME = "$(TARGET_NAME)";
				SWIFT_EMIT_LOC_STRINGS = YES;
				SWIFT_VERSION = 5.0;
				TARGETED_DEVICE_FAMILY = "1,2";
			};
			name = Release;
		};
		CECAAB122982C6EB0075DCF9 /* Debug */ = {
			isa = XCBuildConfiguration;
			buildSettings = {
				BUNDLE_LOADER = "$(TEST_HOST)";
				CLANG_ENABLE_MODULES = YES;
				CODE_SIGN_STYLE = Automatic;
				CURRENT_PROJECT_VERSION = 1;
				DEVELOPMENT_TEAM = 2HX6PAF8Z8;
				GENERATE_INFOPLIST_FILE = YES;
				IPHONEOS_DEPLOYMENT_TARGET = 16.2;
				LD_RUNPATH_SEARCH_PATHS = (
					"$(inherited)",
					"@executable_path/Frameworks",
					"@loader_path/Frameworks",
				);
				MACOSX_DEPLOYMENT_TARGET = 12.6;
				MARKETING_VERSION = 1.0;
				PRODUCT_BUNDLE_IDENTIFIER = com.malengo.ReqResVIPTests;
				PRODUCT_NAME = "$(TARGET_NAME)";
				SDKROOT = auto;
				SUPPORTED_PLATFORMS = "iphoneos iphonesimulator macosx";
				SWIFT_EMIT_LOC_STRINGS = NO;
				SWIFT_OPTIMIZATION_LEVEL = "-Onone";
				SWIFT_VERSION = 5.0;
				TARGETED_DEVICE_FAMILY = "1,2";
				TEST_HOST = "$(BUILT_PRODUCTS_DIR)/ReqResVIP.app/$(BUNDLE_EXECUTABLE_FOLDER_PATH)/ReqResVIP";
			};
			name = Debug;
		};
		CECAAB132982C6EB0075DCF9 /* Release */ = {
			isa = XCBuildConfiguration;
			buildSettings = {
				BUNDLE_LOADER = "$(TEST_HOST)";
				CLANG_ENABLE_MODULES = YES;
				CODE_SIGN_STYLE = Automatic;
				CURRENT_PROJECT_VERSION = 1;
				DEVELOPMENT_TEAM = 2HX6PAF8Z8;
				GENERATE_INFOPLIST_FILE = YES;
				IPHONEOS_DEPLOYMENT_TARGET = 16.2;
				LD_RUNPATH_SEARCH_PATHS = (
					"$(inherited)",
					"@executable_path/Frameworks",
					"@loader_path/Frameworks",
				);
				MACOSX_DEPLOYMENT_TARGET = 12.6;
				MARKETING_VERSION = 1.0;
				PRODUCT_BUNDLE_IDENTIFIER = com.malengo.ReqResVIPTests;
				PRODUCT_NAME = "$(TARGET_NAME)";
				SDKROOT = auto;
				SUPPORTED_PLATFORMS = "iphoneos iphonesimulator macosx";
				SWIFT_EMIT_LOC_STRINGS = NO;
				SWIFT_VERSION = 5.0;
				TARGETED_DEVICE_FAMILY = "1,2";
				TEST_HOST = "$(BUILT_PRODUCTS_DIR)/ReqResVIP.app/$(BUNDLE_EXECUTABLE_FOLDER_PATH)/ReqResVIP";
			};
			name = Release;
		};
/* End XCBuildConfiguration section */

/* Begin XCConfigurationList section */
		CE4ED1F7293A31D500126078 /* Build configuration list for PBXProject "ReqResVIP" */ = {
			isa = XCConfigurationList;
			buildConfigurations = (
				CE4ED20E293A31D700126078 /* Debug */,
				CE4ED20F293A31D700126078 /* Release */,
			);
			defaultConfigurationIsVisible = 0;
			defaultConfigurationName = Release;
		};
		CE4ED210293A31D700126078 /* Build configuration list for PBXNativeTarget "ReqResVIP" */ = {
			isa = XCConfigurationList;
			buildConfigurations = (
				CE4ED211293A31D700126078 /* Debug */,
				CE4ED212293A31D700126078 /* Release */,
			);
			defaultConfigurationIsVisible = 0;
			defaultConfigurationName = Release;
		};
		CECAAB142982C6EB0075DCF9 /* Build configuration list for PBXNativeTarget "ReqResVIPTests" */ = {
			isa = XCConfigurationList;
			buildConfigurations = (
				CECAAB122982C6EB0075DCF9 /* Debug */,
				CECAAB132982C6EB0075DCF9 /* Release */,
			);
			defaultConfigurationIsVisible = 0;
			defaultConfigurationName = Release;
		};
/* End XCConfigurationList section */
	};
	rootObject = CE4ED1F4293A31D500126078 /* Project object */;
}
